
Microsoft Visual Studio Solution File, Format Version 12.00
# Visual Studio Version 16
VisualStudioVersion = 16.0.30907.101
MinimumVisualStudioVersion = 10.0.40219.1
Project("{9A19103F-16F7-4668-BE54-9A1E7A4F7556}") = "WhiteboardEx_SD9_Kurt", "WhiteboardEx_SD9_Kurt.csproj", "{4B21F901-29E7-4940-8959-02EE6BB43690}"
EndProject
Project("{9A19103F-16F7-4668-BE54-9A1E7A4F7556}") = "OddOrEven", "..\OddOrEven\OddOrEven.csproj", "{604AAC41-16E1-4FA6-9FD0-8C8C66B93ED3}"
EndProject
Project("{FAE04EC0-301F-11D3-BF4B-00C04F79EFBC}") = "AlphabetizeTest", "..\AlphabetizeTest\AlphabetizeTest.csproj", "{940E5CFB-97F5-4EBC-922D-90744042A745}"
EndProject
Project("{FAE04EC0-301F-11D3-BF4B-00C04F79EFBC}") = "Alphbetize", "..\Alphbetize\Alphbetize.csproj", "{635E9E48-9303-43AB-9E90-C84CC4CBDD6A}"
EndProject
Project("{FAE04EC0-301F-11D3-BF4B-00C04F79EFBC}") = "camelCase", "..\camelCase\camelCase.csproj", "{8A97B88E-37C2-4964-A9DA-6FC65A9058F2}"
EndProject
Global
	GlobalSection(SolutionConfigurationPlatforms) = preSolution
		Debug|Any CPU = Debug|Any CPU
		Release|Any CPU = Release|Any CPU
	EndGlobalSection
	GlobalSection(ProjectConfigurationPlatforms) = postSolution
		{4B21F901-29E7-4940-8959-02EE6BB43690}.Debug|Any CPU.ActiveCfg = Debug|Any CPU
		{4B21F901-29E7-4940-8959-02EE6BB43690}.Debug|Any CPU.Build.0 = Debug|Any CPU
		{4B21F901-29E7-4940-8959-02EE6BB43690}.Release|Any CPU.ActiveCfg = Release|Any CPU
		{4B21F901-29E7-4940-8959-02EE6BB43690}.Release|Any CPU.Build.0 = Release|Any CPU
		{604AAC41-16E1-4FA6-9FD0-8C8C66B93ED3}.Debug|Any CPU.ActiveCfg = Debug|Any CPU
		{604AAC41-16E1-4FA6-9FD0-8C8C66B93ED3}.Debug|Any CPU.Build.0 = Debug|Any CPU
		{604AAC41-16E1-4FA6-9FD0-8C8C66B93ED3}.Release|Any CPU.ActiveCfg = Release|Any CPU
		{604AAC41-16E1-4FA6-9FD0-8C8C66B93ED3}.Release|Any CPU.Build.0 = Release|Any CPU
		{940E5CFB-97F5-4EBC-922D-90744042A745}.Debug|Any CPU.ActiveCfg = Debug|Any CPU
		{940E5CFB-97F5-4EBC-922D-90744042A745}.Debug|Any CPU.Build.0 = Debug|Any CPU
		{940E5CFB-97F5-4EBC-922D-90744042A745}.Release|Any CPU.ActiveCfg = Release|Any CPU
		{940E5CFB-97F5-4EBC-922D-90744042A745}.Release|Any CPU.Build.0 = Release|Any CPU
		{635E9E48-9303-43AB-9E90-C84CC4CBDD6A}.Debug|Any CPU.ActiveCfg = Debug|Any CPU
		{635E9E48-9303-43AB-9E90-C84CC4CBDD6A}.Debug|Any CPU.Build.0 = Debug|Any CPU
		{635E9E48-9303-43AB-9E90-C84CC4CBDD6A}.Release|Any CPU.ActiveCfg = Release|Any CPU
		{635E9E48-9303-43AB-9E90-C84CC4CBDD6A}.Release|Any CPU.Build.0 = Release|Any CPU
		{8A97B88E-37C2-4964-A9DA-6FC65A9058F2}.Debug|Any CPU.ActiveCfg = Debug|Any CPU
		{8A97B88E-37C2-4964-A9DA-6FC65A9058F2}.Debug|Any CPU.Build.0 = Debug|Any CPU
		{8A97B88E-37C2-4964-A9DA-6FC65A9058F2}.Release|Any CPU.ActiveCfg = Release|Any CPU
		{8A97B88E-37C2-4964-A9DA-6FC65A9058F2}.Release|Any CPU.Build.0 = Release|Any CPU
	EndGlobalSection
	GlobalSection(SolutionProperties) = preSolution
		HideSolutionNode = FALSE
	EndGlobalSection
	GlobalSection(ExtensibilityGlobals) = postSolution
		SolutionGuid = {5384BB66-D7AC-422C-B56B-D4583D0A0D9D}
	EndGlobalSection
EndGlobal
