
Microsoft Visual Studio Solution File, Format Version 12.00
# Visual Studio Version 16
VisualStudioVersion = 16.0.30907.101
MinimumVisualStudioVersion = 10.0.40219.1
Project("{FAE04EC0-301F-11D3-BF4B-00C04F79EFBC}") = "PalindromeTest", "PalindromeTest.csproj", "{11B3D667-2036-4FAB-957D-51E98F441734}"
EndProject
Global
	GlobalSection(SolutionConfigurationPlatforms) = preSolution
		Debug|Any CPU = Debug|Any CPU
		Release|Any CPU = Release|Any CPU
	EndGlobalSection
	GlobalSection(ProjectConfigurationPlatforms) = postSolution
		{11B3D667-2036-4FAB-957D-51E98F441734}.Debug|Any CPU.ActiveCfg = Debug|Any CPU
		{11B3D667-2036-4FAB-957D-51E98F441734}.Debug|Any CPU.Build.0 = Debug|Any CPU
		{11B3D667-2036-4FAB-957D-51E98F441734}.Release|Any CPU.ActiveCfg = Release|Any CPU
		{11B3D667-2036-4FAB-957D-51E98F441734}.Release|Any CPU.Build.0 = Release|Any CPU
	EndGlobalSection
	GlobalSection(SolutionProperties) = preSolution
		HideSolutionNode = FALSE
	EndGlobalSection
	GlobalSection(ExtensibilityGlobals) = postSolution
		SolutionGuid = {93ADBA67-99BD-4330-A765-4EA8B70D0A10}
	EndGlobalSection
EndGlobal
