
Microsoft Visual Studio Solution File, Format Version 12.00
# Visual Studio Version 16
VisualStudioVersion = 16.0.31129.286
MinimumVisualStudioVersion = 10.0.40219.1
Project("{FAE04EC0-301F-11D3-BF4B-00C04F79EFBC}") = "CaesarCipher", "CaesarCipher\CaesarCipher.csproj", "{373EFDDF-609D-430A-8E7F-CD1E15BE47BA}"
EndProject
Global
	GlobalSection(SolutionConfigurationPlatforms) = preSolution
		Debug|Any CPU = Debug|Any CPU
		Release|Any CPU = Release|Any CPU
	EndGlobalSection
	GlobalSection(ProjectConfigurationPlatforms) = postSolution
		{373EFDDF-609D-430A-8E7F-CD1E15BE47BA}.Debug|Any CPU.ActiveCfg = Debug|Any CPU
		{373EFDDF-609D-430A-8E7F-CD1E15BE47BA}.Debug|Any CPU.Build.0 = Debug|Any CPU
		{373EFDDF-609D-430A-8E7F-CD1E15BE47BA}.Release|Any CPU.ActiveCfg = Release|Any CPU
		{373EFDDF-609D-430A-8E7F-CD1E15BE47BA}.Release|Any CPU.Build.0 = Release|Any CPU
	EndGlobalSection
	GlobalSection(SolutionProperties) = preSolution
		HideSolutionNode = FALSE
	EndGlobalSection
	GlobalSection(ExtensibilityGlobals) = postSolution
		SolutionGuid = {BA925DA6-49F3-4B9B-ABB0-CA726B9C3551}
	EndGlobalSection
EndGlobal
